
Microsoft Visual Studio Solution File, Format Version 12.00
Project("{FAE04EC0-301F-11D3-BF4B-00C04F79EFBC}") = "API", "API\API.csproj", "{8415E874-F47B-4DA6-A528-6B6B610B7E6C}"
EndProject
Project("{2150E333-8FDC-42A3-9474-1A3956D46DE8}") = "API", "API", "{8801A10F-D98B-4D53-B0D8-09BE5F11157E}"
EndProject
Project("{2150E333-8FDC-42A3-9474-1A3956D46DE8}") = "Core", "Core", "{3739A917-0111-4625-9BFA-6235F2A22914}"
EndProject
Project("{FAE04EC0-301F-11D3-BF4B-00C04F79EFBC}") = "Application", "Application\Application.csproj", "{F23FDD51-9372-4EFC-B164-9BD1AE308FEE}"
EndProject
Project("{FAE04EC0-301F-11D3-BF4B-00C04F79EFBC}") = "Domain", "Domain\Domain.csproj", "{05849A5C-D355-4307-82B9-D9C8E8405661}"
EndProject
Project("{2150E333-8FDC-42A3-9474-1A3956D46DE8}") = "Infrastructure", "Infrastructure", "{CEF71D19-6AAE-444C-955B-CD4B32F0A497}"
EndProject
Project("{FAE04EC0-301F-11D3-BF4B-00C04F79EFBC}") = "Persistence", "Infrastructure\Persistence\Persistence.csproj", "{2C96492D-C8F5-43C8-BF01-5DFA6976D200}"
EndProject
Project("{FAE04EC0-301F-11D3-BF4B-00C04F79EFBC}") = "Infrastructure", "Infrastructure\Infrastructure\Infrastructure.csproj", "{A3843B33-160F-447F-AE34-B9ED18A929A3}"
EndProject
Global
	GlobalSection(SolutionConfigurationPlatforms) = preSolution
		Debug|Any CPU = Debug|Any CPU
		Release|Any CPU = Release|Any CPU
	EndGlobalSection
	GlobalSection(ProjectConfigurationPlatforms) = postSolution
		{8415E874-F47B-4DA6-A528-6B6B610B7E6C}.Debug|Any CPU.ActiveCfg = Debug|Any CPU
		{8415E874-F47B-4DA6-A528-6B6B610B7E6C}.Debug|Any CPU.Build.0 = Debug|Any CPU
		{8415E874-F47B-4DA6-A528-6B6B610B7E6C}.Release|Any CPU.ActiveCfg = Release|Any CPU
		{8415E874-F47B-4DA6-A528-6B6B610B7E6C}.Release|Any CPU.Build.0 = Release|Any CPU
		{F23FDD51-9372-4EFC-B164-9BD1AE308FEE}.Debug|Any CPU.ActiveCfg = Debug|Any CPU
		{F23FDD51-9372-4EFC-B164-9BD1AE308FEE}.Debug|Any CPU.Build.0 = Debug|Any CPU
		{F23FDD51-9372-4EFC-B164-9BD1AE308FEE}.Release|Any CPU.ActiveCfg = Release|Any CPU
		{F23FDD51-9372-4EFC-B164-9BD1AE308FEE}.Release|Any CPU.Build.0 = Release|Any CPU
		{05849A5C-D355-4307-82B9-D9C8E8405661}.Debug|Any CPU.ActiveCfg = Debug|Any CPU
		{05849A5C-D355-4307-82B9-D9C8E8405661}.Debug|Any CPU.Build.0 = Debug|Any CPU
		{05849A5C-D355-4307-82B9-D9C8E8405661}.Release|Any CPU.ActiveCfg = Release|Any CPU
		{05849A5C-D355-4307-82B9-D9C8E8405661}.Release|Any CPU.Build.0 = Release|Any CPU
		{2C96492D-C8F5-43C8-BF01-5DFA6976D200}.Debug|Any CPU.ActiveCfg = Debug|Any CPU
		{2C96492D-C8F5-43C8-BF01-5DFA6976D200}.Debug|Any CPU.Build.0 = Debug|Any CPU
		{2C96492D-C8F5-43C8-BF01-5DFA6976D200}.Release|Any CPU.ActiveCfg = Release|Any CPU
		{2C96492D-C8F5-43C8-BF01-5DFA6976D200}.Release|Any CPU.Build.0 = Release|Any CPU
		{A3843B33-160F-447F-AE34-B9ED18A929A3}.Debug|Any CPU.ActiveCfg = Debug|Any CPU
		{A3843B33-160F-447F-AE34-B9ED18A929A3}.Debug|Any CPU.Build.0 = Debug|Any CPU
		{A3843B33-160F-447F-AE34-B9ED18A929A3}.Release|Any CPU.ActiveCfg = Release|Any CPU
		{A3843B33-160F-447F-AE34-B9ED18A929A3}.Release|Any CPU.Build.0 = Release|Any CPU
	EndGlobalSection
	GlobalSection(NestedProjects) = preSolution
		{8415E874-F47B-4DA6-A528-6B6B610B7E6C} = {8801A10F-D98B-4D53-B0D8-09BE5F11157E}
		{F23FDD51-9372-4EFC-B164-9BD1AE308FEE} = {3739A917-0111-4625-9BFA-6235F2A22914}
		{05849A5C-D355-4307-82B9-D9C8E8405661} = {3739A917-0111-4625-9BFA-6235F2A22914}
		{2C96492D-C8F5-43C8-BF01-5DFA6976D200} = {CEF71D19-6AAE-444C-955B-CD4B32F0A497}
		{A3843B33-160F-447F-AE34-B9ED18A929A3} = {CEF71D19-6AAE-444C-955B-CD4B32F0A497}
	EndGlobalSection
EndGlobal
